
Microsoft Visual Studio Solution File, Format Version 11.00
# Visual Studio 2010
# SharpDevelop 4.3
Project("{FAE04EC0-301F-11D3-BF4B-00C04F79EFBC}") = "vzMapper", "vzMapper\vzMapper.csproj", "{1F032E53-C2B4-4786-B801-A8B2768070A4}"
EndProject
Global
	GlobalSection(SolutionConfigurationPlatforms) = preSolution
		Debug|Any CPU = Debug|Any CPU
		Release|Any CPU = Release|Any CPU
	EndGlobalSection
	GlobalSection(ProjectConfigurationPlatforms) = postSolution
		{1F032E53-C2B4-4786-B801-A8B2768070A4}.Debug|Any CPU.Build.0 = Debug|Any CPU
		{1F032E53-C2B4-4786-B801-A8B2768070A4}.Debug|Any CPU.ActiveCfg = Debug|Any CPU
		{1F032E53-C2B4-4786-B801-A8B2768070A4}.Release|Any CPU.Build.0 = Release|Any CPU
		{1F032E53-C2B4-4786-B801-A8B2768070A4}.Release|Any CPU.ActiveCfg = Release|Any CPU
	EndGlobalSection
EndGlobal
